// !$*UTF8*$!
{
	archiveVersion = 1;
	classes = {
	};
	objectVersion = 56;
	objects = {

/* Begin PBXBuildFile section */
		AC6AD7032A7A3A8700C36ECC /* NumberSeriesApp.swift in Sources */ = {isa = PBXBuildFile; fileRef = AC6AD7022A7A3A8700C36ECC /* NumberSeriesApp.swift */; };
		AC6AD7052A7A3A8700C36ECC /* ContentView.swift in Sources */ = {isa = PBXBuildFile; fileRef = AC6AD7042A7A3A8700C36ECC /* ContentView.swift */; };
		AC6AD7072A7A3A8800C36ECC /* Assets.xcassets in Resources */ = {isa = PBXBuildFile; fileRef = AC6AD7062A7A3A8800C36ECC /* Assets.xcassets */; };
		AC6AD70A2A7A3A8800C36ECC /* Preview Assets.xcassets in Resources */ = {isa = PBXBuildFile; fileRef = AC6AD7092A7A3A8800C36ECC /* Preview Assets.xcassets */; };
		AC6AD7142A7A3A8800C36ECC /* NumberSeriesTests.swift in Sources */ = {isa = PBXBuildFile; fileRef = AC6AD7132A7A3A8800C36ECC /* NumberSeriesTests.swift */; };
		AC6AD71E2A7A3A8800C36ECC /* NumberSeriesUITests.swift in Sources */ = {isa = PBXBuildFile; fileRef = AC6AD71D2A7A3A8800C36ECC /* NumberSeriesUITests.swift */; };
		AC6AD7202A7A3A8800C36ECC /* NumberSeriesUITestsLaunchTests.swift in Sources */ = {isa = PBXBuildFile; fileRef = AC6AD71F2A7A3A8800C36ECC /* NumberSeriesUITestsLaunchTests.swift */; };
/* End PBXBuildFile section */

/* Begin PBXContainerItemProxy section */
		AC6AD7102A7A3A8800C36ECC /* PBXContainerItemProxy */ = {
			isa = PBXContainerItemProxy;
			containerPortal = AC6AD6F72A7A3A8700C36ECC /* Project object */;
			proxyType = 1;
			remoteGlobalIDString = AC6AD6FE2A7A3A8700C36ECC;
			remoteInfo = NumberSeries;
		};
		AC6AD71A2A7A3A8800C36ECC /* PBXContainerItemProxy */ = {
			isa = PBXContainerItemProxy;
			containerPortal = AC6AD6F72A7A3A8700C36ECC /* Project object */;
			proxyType = 1;
			remoteGlobalIDString = AC6AD6FE2A7A3A8700C36ECC;
			remoteInfo = NumberSeries;
		};
/* End PBXContainerItemProxy section */

/* Begin PBXFileReference section */
		AC6AD6FF2A7A3A8700C36ECC /* NumberSeries.app */ = {isa = PBXFileReference; explicitFileType = wrapper.application; includeInIndex = 0; path = NumberSeries.app; sourceTree = BUILT_PRODUCTS_DIR; };
		AC6AD7022A7A3A8700C36ECC /* NumberSeriesApp.swift */ = {isa = PBXFileReference; lastKnownFileType = sourcecode.swift; path = NumberSeriesApp.swift; sourceTree = "<group>"; };
		AC6AD7042A7A3A8700C36ECC /* ContentView.swift */ = {isa = PBXFileReference; lastKnownFileType = sourcecode.swift; path = ContentView.swift; sourceTree = "<group>"; };
		AC6AD7062A7A3A8800C36ECC /* Assets.xcassets */ = {isa = PBXFileReference; lastKnownFileType = folder.assetcatalog; path = Assets.xcassets; sourceTree = "<group>"; };
		AC6AD7092A7A3A8800C36ECC /* Preview Assets.xcassets */ = {isa = PBXFileReference; lastKnownFileType = folder.assetcatalog; path = "Preview Assets.xcassets"; sourceTree = "<group>"; };
		AC6AD70F2A7A3A8800C36ECC /* NumberSeriesTests.xctest */ = {isa = PBXFileReference; explicitFileType = wrapper.cfbundle; includeInIndex = 0; path = NumberSeriesTests.xctest; sourceTree = BUILT_PRODUCTS_DIR; };
		AC6AD7132A7A3A8800C36ECC /* NumberSeriesTests.swift */ = {isa = PBXFileReference; lastKnownFileType = sourcecode.swift; path = NumberSeriesTests.swift; sourceTree = "<group>"; };
		AC6AD7192A7A3A8800C36ECC /* NumberSeriesUITests.xctest */ = {isa = PBXFileReference; explicitFileType = wrapper.cfbundle; includeInIndex = 0; path = NumberSeriesUITests.xctest; sourceTree = BUILT_PRODUCTS_DIR; };
		AC6AD71D2A7A3A8800C36ECC /* NumberSeriesUITests.swift */ = {isa = PBXFileReference; lastKnownFileType = sourcecode.swift; path = NumberSeriesUITests.swift; sourceTree = "<group>"; };
		AC6AD71F2A7A3A8800C36ECC /* NumberSeriesUITestsLaunchTests.swift */ = {isa = PBXFileReference; lastKnownFileType = sourcecode.swift; path = NumberSeriesUITestsLaunchTests.swift; sourceTree = "<group>"; };
/* End PBXFileReference section */

/* Begin PBXFrameworksBuildPhase section */
		AC6AD6FC2A7A3A8700C36ECC /* Frameworks */ = {
			isa = PBXFrameworksBuildPhase;
			buildActionMask = 2147483647;
			files = (
			);
			runOnlyForDeploymentPostprocessing = 0;
		};
		AC6AD70C2A7A3A8800C36ECC /* Frameworks */ = {
			isa = PBXFrameworksBuildPhase;
			buildActionMask = 2147483647;
			files = (
			);
			runOnlyForDeploymentPostprocessing = 0;
		};
		AC6AD7162A7A3A8800C36ECC /* Frameworks */ = {
			isa = PBXFrameworksBuildPhase;
			buildActionMask = 2147483647;
			files = (
			);
			runOnlyForDeploymentPostprocessing = 0;
		};
/* End PBXFrameworksBuildPhase section */

/* Begin PBXGroup section */
		AC6AD6F62A7A3A8700C36ECC = {
			isa = PBXGroup;
			children = (
				AC6AD7012A7A3A8700C36ECC /* NumberSeries */,
				AC6AD7122A7A3A8800C36ECC /* NumberSeriesTests */,
				AC6AD71C2A7A3A8800C36ECC /* NumberSeriesUITests */,
				AC6AD7002A7A3A8700C36ECC /* Products */,
			);
			sourceTree = "<group>";
		};
		AC6AD7002A7A3A8700C36ECC /* Products */ = {
			isa = PBXGroup;
			children = (
				AC6AD6FF2A7A3A8700C36ECC /* NumberSeries.app */,
				AC6AD70F2A7A3A8800C36ECC /* NumberSeriesTests.xctest */,
				AC6AD7192A7A3A8800C36ECC /* NumberSeriesUITests.xctest */,
			);
			name = Products;
			sourceTree = "<group>";
		};
		AC6AD7012A7A3A8700C36ECC /* NumberSeries */ = {
			isa = PBXGroup;
			children = (
				AC6AD7022A7A3A8700C36ECC /* NumberSeriesApp.swift */,
				AC6AD7042A7A3A8700C36ECC /* ContentView.swift */,
				AC6AD7062A7A3A8800C36ECC /* Assets.xcassets */,
				AC6AD7082A7A3A8800C36ECC /* Preview Content */,
			);
			path = NumberSeries;
			sourceTree = "<group>";
		};
		AC6AD7082A7A3A8800C36ECC /* Preview Content */ = {
			isa = PBXGroup;
			children = (
				AC6AD7092A7A3A8800C36ECC /* Preview Assets.xcassets */,
			);
			path = "Preview Content";
			sourceTree = "<group>";
		};
		AC6AD7122A7A3A8800C36ECC /* NumberSeriesTests */ = {
			isa = PBXGroup;
			children = (
				AC6AD7132A7A3A8800C36ECC /* NumberSeriesTests.swift */,
			);
			path = NumberSeriesTests;
			sourceTree = "<group>";
		};
		AC6AD71C2A7A3A8800C36ECC /* NumberSeriesUITests */ = {
			isa = PBXGroup;
			children = (
				AC6AD71D2A7A3A8800C36ECC /* NumberSeriesUITests.swift */,
				AC6AD71F2A7A3A8800C36ECC /* NumberSeriesUITestsLaunchTests.swift */,
			);
			path = NumberSeriesUITests;
			sourceTree = "<group>";
		};
/* End PBXGroup section */

/* Begin PBXNativeTarget section */
		AC6AD6FE2A7A3A8700C36ECC /* NumberSeries */ = {
			isa = PBXNativeTarget;
			buildConfigurationList = AC6AD7232A7A3A8800C36ECC /* Build configuration list for PBXNativeTarget "NumberSeries" */;
			buildPhases = (
				AC6AD6FB2A7A3A8700C36ECC /* Sources */,
				AC6AD6FC2A7A3A8700C36ECC /* Frameworks */,
				AC6AD6FD2A7A3A8700C36ECC /* Resources */,
			);
			buildRules = (
			);
			dependencies = (
			);
			name = NumberSeries;
			productName = NumberSeries;
			productReference = AC6AD6FF2A7A3A8700C36ECC /* NumberSeries.app */;
			productType = "com.apple.product-type.application";
		};
		AC6AD70E2A7A3A8800C36ECC /* NumberSeriesTests */ = {
			isa = PBXNativeTarget;
			buildConfigurationList = AC6AD7262A7A3A8800C36ECC /* Build configuration list for PBXNativeTarget "NumberSeriesTests" */;
			buildPhases = (
				AC6AD70B2A7A3A8800C36ECC /* Sources */,
				AC6AD70C2A7A3A8800C36ECC /* Frameworks */,
				AC6AD70D2A7A3A8800C36ECC /* Resources */,
			);
			buildRules = (
			);
			dependencies = (
				AC6AD7112A7A3A8800C36ECC /* PBXTargetDependency */,
			);
			name = NumberSeriesTests;
			productName = NumberSeriesTests;
			productReference = AC6AD70F2A7A3A8800C36ECC /* NumberSeriesTests.xctest */;
			productType = "com.apple.product-type.bundle.unit-test";
		};
		AC6AD7182A7A3A8800C36ECC /* NumberSeriesUITests */ = {
			isa = PBXNativeTarget;
			buildConfigurationList = AC6AD7292A7A3A8800C36ECC /* Build configuration list for PBXNativeTarget "NumberSeriesUITests" */;
			buildPhases = (
				AC6AD7152A7A3A8800C36ECC /* Sources */,
				AC6AD7162A7A3A8800C36ECC /* Frameworks */,
				AC6AD7172A7A3A8800C36ECC /* Resources */,
			);
			buildRules = (
			);
			dependencies = (
				AC6AD71B2A7A3A8800C36ECC /* PBXTargetDependency */,
			);
			name = NumberSeriesUITests;
			productName = NumberSeriesUITests;
			productReference = AC6AD7192A7A3A8800C36ECC /* NumberSeriesUITests.xctest */;
			productType = "com.apple.product-type.bundle.ui-testing";
		};
/* End PBXNativeTarget section */

/* Begin PBXProject section */
		AC6AD6F72A7A3A8700C36ECC /* Project object */ = {
			isa = PBXProject;
			attributes = {
				BuildIndependentTargetsInParallel = 1;
				LastSwiftUpdateCheck = 1420;
				LastUpgradeCheck = 1420;
				TargetAttributes = {
					AC6AD6FE2A7A3A8700C36ECC = {
						CreatedOnToolsVersion = 14.2;
					};
					AC6AD70E2A7A3A8800C36ECC = {
						CreatedOnToolsVersion = 14.2;
						TestTargetID = AC6AD6FE2A7A3A8700C36ECC;
					};
					AC6AD7182A7A3A8800C36ECC = {
						CreatedOnToolsVersion = 14.2;
						TestTargetID = AC6AD6FE2A7A3A8700C36ECC;
					};
				};
			};
			buildConfigurationList = AC6AD6FA2A7A3A8700C36ECC /* Build configuration list for PBXProject "NumberSeries" */;
			compatibilityVersion = "Xcode 14.0";
			developmentRegion = en;
			hasScannedForEncodings = 0;
			knownRegions = (
				en,
				Base,
			);
			mainGroup = AC6AD6F62A7A3A8700C36ECC;
			productRefGroup = AC6AD7002A7A3A8700C36ECC /* Products */;
			projectDirPath = "";
			projectRoot = "";
			targets = (
				AC6AD6FE2A7A3A8700C36ECC /* NumberSeries */,
				AC6AD70E2A7A3A8800C36ECC /* NumberSeriesTests */,
				AC6AD7182A7A3A8800C36ECC /* NumberSeriesUITests */,
			);
		};
/* End PBXProject section */

/* Begin PBXResourcesBuildPhase section */
		AC6AD6FD2A7A3A8700C36ECC /* Resources */ = {
			isa = PBXResourcesBuildPhase;
			buildActionMask = 2147483647;
			files = (
				AC6AD70A2A7A3A8800C36ECC /* Preview Assets.xcassets in Resources */,
				AC6AD7072A7A3A8800C36ECC /* Assets.xcassets in Resources */,
			);
			runOnlyForDeploymentPostprocessing = 0;
		};
		AC6AD70D2A7A3A8800C36ECC /* Resources */ = {
			isa = PBXResourcesBuildPhase;
			buildActionMask = 2147483647;
			files = (
			);
			runOnlyForDeploymentPostprocessing = 0;
		};
		AC6AD7172A7A3A8800C36ECC /* Resources */ = {
			isa = PBXResourcesBuildPhase;
			buildActionMask = 2147483647;
			files = (
			);
			runOnlyForDeploymentPostprocessing = 0;
		};
/* End PBXResourcesBuildPhase section */

/* Begin PBXSourcesBuildPhase section */
		AC6AD6FB2A7A3A8700C36ECC /* Sources */ = {
			isa = PBXSourcesBuildPhase;
			buildActionMask = 2147483647;
			files = (
				AC6AD7052A7A3A8700C36ECC /* ContentView.swift in Sources */,
				AC6AD7032A7A3A8700C36ECC /* NumberSeriesApp.swift in Sources */,
			);
			runOnlyForDeploymentPostprocessing = 0;
		};
		AC6AD70B2A7A3A8800C36ECC /* Sources */ = {
			isa = PBXSourcesBuildPhase;
			buildActionMask = 2147483647;
			files = (
				AC6AD7142A7A3A8800C36ECC /* NumberSeriesTests.swift in Sources */,
			);
			runOnlyForDeploymentPostprocessing = 0;
		};
		AC6AD7152A7A3A8800C36ECC /* Sources */ = {
			isa = PBXSourcesBuildPhase;
			buildActionMask = 2147483647;
			files = (
				AC6AD7202A7A3A8800C36ECC /* NumberSeriesUITestsLaunchTests.swift in Sources */,
				AC6AD71E2A7A3A8800C36ECC /* NumberSeriesUITests.swift in Sources */,
			);
			runOnlyForDeploymentPostprocessing = 0;
		};
/* End PBXSourcesBuildPhase section */

/* Begin PBXTargetDependency section */
		AC6AD7112A7A3A8800C36ECC /* PBXTargetDependency */ = {
			isa = PBXTargetDependency;
			target = AC6AD6FE2A7A3A8700C36ECC /* NumberSeries */;
			targetProxy = AC6AD7102A7A3A8800C36ECC /* PBXContainerItemProxy */;
		};
		AC6AD71B2A7A3A8800C36ECC /* PBXTargetDependency */ = {
			isa = PBXTargetDependency;
			target = AC6AD6FE2A7A3A8700C36ECC /* NumberSeries */;
			targetProxy = AC6AD71A2A7A3A8800C36ECC /* PBXContainerItemProxy */;
		};
/* End PBXTargetDependency section */

/* Begin XCBuildConfiguration section */
		AC6AD7212A7A3A8800C36ECC /* Debug */ = {
			isa = XCBuildConfiguration;
			buildSettings = {
				ALWAYS_SEARCH_USER_PATHS = NO;
				CLANG_ANALYZER_NONNULL = YES;
				CLANG_ANALYZER_NUMBER_OBJECT_CONVERSION = YES_AGGRESSIVE;
				CLANG_CXX_LANGUAGE_STANDARD = "gnu++20";
				CLANG_ENABLE_MODULES = YES;
				CLANG_ENABLE_OBJC_ARC = YES;
				CLANG_ENABLE_OBJC_WEAK = YES;
				CLANG_WARN_BLOCK_CAPTURE_AUTORELEASING = YES;
				CLANG_WARN_BOOL_CONVERSION = YES;
				CLANG_WARN_COMMA = YES;
				CLANG_WARN_CONSTANT_CONVERSION = YES;
				CLANG_WARN_DEPRECATED_OBJC_IMPLEMENTATIONS = YES;
				CLANG_WARN_DIRECT_OBJC_ISA_USAGE = YES_ERROR;
				CLANG_WARN_DOCUMENTATION_COMMENTS = YES;
				CLANG_WARN_EMPTY_BODY = YES;
				CLANG_WARN_ENUM_CONVERSION = YES;
				CLANG_WARN_INFINITE_RECURSION = YES;
				CLANG_WARN_INT_CONVERSION = YES;
				CLANG_WARN_NON_LITERAL_NULL_CONVERSION = YES;
				CLANG_WARN_OBJC_IMPLICIT_RETAIN_SELF = YES;
				CLANG_WARN_OBJC_LITERAL_CONVERSION = YES;
				CLANG_WARN_OBJC_ROOT_CLASS = YES_ERROR;
				CLANG_WARN_QUOTED_INCLUDE_IN_FRAMEWORK_HEADER = YES;
				CLANG_WARN_RANGE_LOOP_ANALYSIS = YES;
				CLANG_WARN_STRICT_PROTOTYPES = YES;
				CLANG_WARN_SUSPICIOUS_MOVE = YES;
				CLANG_WARN_UNGUARDED_AVAILABILITY = YES_AGGRESSIVE;
				CLANG_WARN_UNREACHABLE_CODE = YES;
				CLANG_WARN__DUPLICATE_METHOD_MATCH = YES;
				COPY_PHASE_STRIP = NO;
				DEBUG_INFORMATION_FORMAT = dwarf;
				ENABLE_STRICT_OBJC_MSGSEND = YES;
				ENABLE_TESTABILITY = YES;
				GCC_C_LANGUAGE_STANDARD = gnu11;
				GCC_DYNAMIC_NO_PIC = NO;
				GCC_NO_COMMON_BLOCKS = YES;
				GCC_OPTIMIZATION_LEVEL = 0;
				GCC_PREPROCESSOR_DEFINITIONS = (
					"DEBUG=1",
					"$(inherited)",
				);
				GCC_WARN_64_TO_32_BIT_CONVERSION = YES;
				GCC_WARN_ABOUT_RETURN_TYPE = YES_ERROR;
				GCC_WARN_UNDECLARED_SELECTOR = YES;
				GCC_WARN_UNINITIALIZED_AUTOS = YES_AGGRESSIVE;
				GCC_WARN_UNUSED_FUNCTION = YES;
				GCC_WARN_UNUSED_VARIABLE = YES;
				IPHONEOS_DEPLOYMENT_TARGET = 16.2;
				MTL_ENABLE_DEBUG_INFO = INCLUDE_SOURCE;
				MTL_FAST_MATH = YES;
				ONLY_ACTIVE_ARCH = YES;
				SDKROOT = iphoneos;
				SWIFT_ACTIVE_COMPILATION_CONDITIONS = DEBUG;
				SWIFT_OPTIMIZATION_LEVEL = "-Onone";
			};
			name = Debug;
		};
		AC6AD7222A7A3A8800C36ECC /* Release */ = {
			isa = XCBuildConfiguration;
			buildSettings = {
				ALWAYS_SEARCH_USER_PATHS = NO;
				CLANG_ANALYZER_NONNULL = YES;
				CLANG_ANALYZER_NUMBER_OBJECT_CONVERSION = YES_AGGRESSIVE;
				CLANG_CXX_LANGUAGE_STANDARD = "gnu++20";
				CLANG_ENABLE_MODULES = YES;
				CLANG_ENABLE_OBJC_ARC = YES;
				CLANG_ENABLE_OBJC_WEAK = YES;
				CLANG_WARN_BLOCK_CAPTURE_AUTORELEASING = YES;
				CLANG_WARN_BOOL_CONVERSION = YES;
				CLANG_WARN_COMMA = YES;
				CLANG_WARN_CONSTANT_CONVERSION = YES;
				CLANG_WARN_DEPRECATED_OBJC_IMPLEMENTATIONS = YES;
				CLANG_WARN_DIRECT_OBJC_ISA_USAGE = YES_ERROR;
				CLANG_WARN_DOCUMENTATION_COMMENTS = YES;
				CLANG_WARN_EMPTY_BODY = YES;
				CLANG_WARN_ENUM_CONVERSION = YES;
				CLANG_WARN_INFINITE_RECURSION = YES;
				CLANG_WARN_INT_CONVERSION = YES;
				CLANG_WARN_NON_LITERAL_NULL_CONVERSION = YES;
				CLANG_WARN_OBJC_IMPLICIT_RETAIN_SELF = YES;
				CLANG_WARN_OBJC_LITERAL_CONVERSION = YES;
				CLANG_WARN_OBJC_ROOT_CLASS = YES_ERROR;
				CLANG_WARN_QUOTED_INCLUDE_IN_FRAMEWORK_HEADER = YES;
				CLANG_WARN_RANGE_LOOP_ANALYSIS = YES;
				CLANG_WARN_STRICT_PROTOTYPES = YES;
				CLANG_WARN_SUSPICIOUS_MOVE = YES;
				CLANG_WARN_UNGUARDED_AVAILABILITY = YES_AGGRESSIVE;
				CLANG_WARN_UNREACHABLE_CODE = YES;
				CLANG_WARN__DUPLICATE_METHOD_MATCH = YES;
				COPY_PHASE_STRIP = NO;
				DEBUG_INFORMATION_FORMAT = "dwarf-with-dsym";
				ENABLE_NS_ASSERTIONS = NO;
				ENABLE_STRICT_OBJC_MSGSEND = YES;
				GCC_C_LANGUAGE_STANDARD = gnu11;
				GCC_NO_COMMON_BLOCKS = YES;
				GCC_WARN_64_TO_32_BIT_CONVERSION = YES;
				GCC_WARN_ABOUT_RETURN_TYPE = YES_ERROR;
				GCC_WARN_UNDECLARED_SELECTOR = YES;
				GCC_WARN_UNINITIALIZED_AUTOS = YES_AGGRESSIVE;
				GCC_WARN_UNUSED_FUNCTION = YES;
				GCC_WARN_UNUSED_VARIABLE = YES;
				IPHONEOS_DEPLOYMENT_TARGET = 16.2;
				MTL_ENABLE_DEBUG_INFO = NO;
				MTL_FAST_MATH = YES;
				SDKROOT = iphoneos;
				SWIFT_COMPILATION_MODE = wholemodule;
				SWIFT_OPTIMIZATION_LEVEL = "-O";
				VALIDATE_PRODUCT = YES;
			};
			name = Release;
		};
		AC6AD7242A7A3A8800C36ECC /* Debug */ = {
			isa = XCBuildConfiguration;
			buildSettings = {
				ASSETCATALOG_COMPILER_APPICON_NAME = AppIcon;
				ASSETCATALOG_COMPILER_GLOBAL_ACCENT_COLOR_NAME = AccentColor;
				CODE_SIGN_STYLE = Automatic;
				CURRENT_PROJECT_VERSION = 1;
				DEVELOPMENT_ASSET_PATHS = "\"NumberSeries/Preview Content\"";
				DEVELOPMENT_TEAM = LU893QGJWJ;
				ENABLE_PREVIEWS = YES;
				GENERATE_INFOPLIST_FILE = YES;
				INFOPLIST_KEY_UIApplicationSceneManifest_Generation = YES;
				INFOPLIST_KEY_UIApplicationSupportsIndirectInputEvents = YES;
				INFOPLIST_KEY_UILaunchScreen_Generation = YES;
				INFOPLIST_KEY_UISupportedInterfaceOrientations_iPad = "UIInterfaceOrientationPortrait UIInterfaceOrientationPortraitUpsideDown UIInterfaceOrientationLandscapeLeft UIInterfaceOrientationLandscapeRight";
				INFOPLIST_KEY_UISupportedInterfaceOrientations_iPhone = "UIInterfaceOrientationPortrait UIInterfaceOrientationLandscapeLeft UIInterfaceOrientationLandscapeRight";
				LD_RUNPATH_SEARCH_PATHS = (
					"$(inherited)",
					"@executable_path/Frameworks",
				);
				MARKETING_VERSION = 1.0;
				PRODUCT_BUNDLE_IDENTIFIER = Bhumika.NumberSeries;
				PRODUCT_NAME = "$(TARGET_NAME)";
				SWIFT_EMIT_LOC_STRINGS = YES;
				SWIFT_VERSION = 5.0;
				TARGETED_DEVICE_FAMILY = "1,2";
			};
			name = Debug;
		};
		AC6AD7252A7A3A8800C36ECC /* Release */ = {
			isa = XCBuildConfiguration;
			buildSettings = {
				ASSETCATALOG_COMPILER_APPICON_NAME = AppIcon;
				ASSETCATALOG_COMPILER_GLOBAL_ACCENT_COLOR_NAME = AccentColor;
				CODE_SIGN_STYLE = Automatic;
				CURRENT_PROJECT_VERSION = 1;
				DEVELOPMENT_ASSET_PATHS = "\"NumberSeries/Preview Content\"";
				DEVELOPMENT_TEAM = LU893QGJWJ;
				ENABLE_PREVIEWS = YES;
				GENERATE_INFOPLIST_FILE = YES;
				INFOPLIST_KEY_UIApplicationSceneManifest_Generation = YES;
				INFOPLIST_KEY_UIApplicationSupportsIndirectInputEvents = YES;
				INFOPLIST_KEY_UILaunchScreen_Generation = YES;
				INFOPLIST_KEY_UISupportedInterfaceOrientations_iPad = "UIInterfaceOrientationPortrait UIInterfaceOrientationPortraitUpsideDown UIInterfaceOrientationLandscapeLeft UIInterfaceOrientationLandscapeRight";
				INFOPLIST_KEY_UISupportedInterfaceOrientations_iPhone = "UIInterfaceOrientationPortrait UIInterfaceOrientationLandscapeLeft UIInterfaceOrientationLandscapeRight";
				LD_RUNPATH_SEARCH_PATHS = (
					"$(inherited)",
					"@executable_path/Frameworks",
				);
				MARKETING_VERSION = 1.0;
				PRODUCT_BUNDLE_IDENTIFIER = Bhumika.NumberSeries;
				PRODUCT_NAME = "$(TARGET_NAME)";
				SWIFT_EMIT_LOC_STRINGS = YES;
				SWIFT_VERSION = 5.0;
				TARGETED_DEVICE_FAMILY = "1,2";
			};
			name = Release;
		};
		AC6AD7272A7A3A8800C36ECC /* Debug */ = {
			isa = XCBuildConfiguration;
			buildSettings = {
				ALWAYS_EMBED_SWIFT_STANDARD_LIBRARIES = YES;
				BUNDLE_LOADER = "$(TEST_HOST)";
				CODE_SIGN_STYLE = Automatic;
				CURRENT_PROJECT_VERSION = 1;
				DEVELOPMENT_TEAM = LU893QGJWJ;
				GENERATE_INFOPLIST_FILE = YES;
				IPHONEOS_DEPLOYMENT_TARGET = 16.2;
				MARKETING_VERSION = 1.0;
				PRODUCT_BUNDLE_IDENTIFIER = Bhumika.NumberSeriesTests;
				PRODUCT_NAME = "$(TARGET_NAME)";
				SWIFT_EMIT_LOC_STRINGS = NO;
				SWIFT_VERSION = 5.0;
				TARGETED_DEVICE_FAMILY = "1,2";
				TEST_HOST = "$(BUILT_PRODUCTS_DIR)/NumberSeries.app/$(BUNDLE_EXECUTABLE_FOLDER_PATH)/NumberSeries";
			};
			name = Debug;
		};
		AC6AD7282A7A3A8800C36ECC /* Release */ = {
			isa = XCBuildConfiguration;
			buildSettings = {
				ALWAYS_EMBED_SWIFT_STANDARD_LIBRARIES = YES;
				BUNDLE_LOADER = "$(TEST_HOST)";
				CODE_SIGN_STYLE = Automatic;
				CURRENT_PROJECT_VERSION = 1;
				DEVELOPMENT_TEAM = LU893QGJWJ;
				GENERATE_INFOPLIST_FILE = YES;
				IPHONEOS_DEPLOYMENT_TARGET = 16.2;
				MARKETING_VERSION = 1.0;
				PRODUCT_BUNDLE_IDENTIFIER = Bhumika.NumberSeriesTests;
				PRODUCT_NAME = "$(TARGET_NAME)";
				SWIFT_EMIT_LOC_STRINGS = NO;
				SWIFT_VERSION = 5.0;
				TARGETED_DEVICE_FAMILY = "1,2";
				TEST_HOST = "$(BUILT_PRODUCTS_DIR)/NumberSeries.app/$(BUNDLE_EXECUTABLE_FOLDER_PATH)/NumberSeries";
			};
			name = Release;
		};
		AC6AD72A2A7A3A8800C36ECC /* Debug */ = {
			isa = XCBuildConfiguration;
			buildSettings = {
				ALWAYS_EMBED_SWIFT_STANDARD_LIBRARIES = YES;
				CODE_SIGN_STYLE = Automatic;
				CURRENT_PROJECT_VERSION = 1;
				DEVELOPMENT_TEAM = LU893QGJWJ;
				GENERATE_INFOPLIST_FILE = YES;
				MARKETING_VERSION = 1.0;
				PRODUCT_BUNDLE_IDENTIFIER = Bhumika.NumberSeriesUITests;
				PRODUCT_NAME = "$(TARGET_NAME)";
				SWIFT_EMIT_LOC_STRINGS = NO;
				SWIFT_VERSION = 5.0;
				TARGETED_DEVICE_FAMILY = "1,2";
				TEST_TARGET_NAME = NumberSeries;
			};
			name = Debug;
		};
		AC6AD72B2A7A3A8800C36ECC /* Release */ = {
			isa = XCBuildConfiguration;
			buildSettings = {
				ALWAYS_EMBED_SWIFT_STANDARD_LIBRARIES = YES;
				CODE_SIGN_STYLE = Automatic;
				CURRENT_PROJECT_VERSION = 1;
				DEVELOPMENT_TEAM = LU893QGJWJ;
				GENERATE_INFOPLIST_FILE = YES;
				MARKETING_VERSION = 1.0;
				PRODUCT_BUNDLE_IDENTIFIER = Bhumika.NumberSeriesUITests;
				PRODUCT_NAME = "$(TARGET_NAME)";
				SWIFT_EMIT_LOC_STRINGS = NO;
				SWIFT_VERSION = 5.0;
				TARGETED_DEVICE_FAMILY = "1,2";
				TEST_TARGET_NAME = NumberSeries;
			};
			name = Release;
		};
/* End XCBuildConfiguration section */

/* Begin XCConfigurationList section */
		AC6AD6FA2A7A3A8700C36ECC /* Build configuration list for PBXProject "NumberSeries" */ = {
			isa = XCConfigurationList;
			buildConfigurations = (
				AC6AD7212A7A3A8800C36ECC /* Debug */,
				AC6AD7222A7A3A8800C36ECC /* Release */,
			);
			defaultConfigurationIsVisible = 0;
			defaultConfigurationName = Release;
		};
		AC6AD7232A7A3A8800C36ECC /* Build configuration list for PBXNativeTarget "NumberSeries" */ = {
			isa = XCConfigurationList;
			buildConfigurations = (
				AC6AD7242A7A3A8800C36ECC /* Debug */,
				AC6AD7252A7A3A8800C36ECC /* Release */,
			);
			defaultConfigurationIsVisible = 0;
			defaultConfigurationName = Release;
		};
		AC6AD7262A7A3A8800C36ECC /* Build configuration list for PBXNativeTarget "NumberSeriesTests" */ = {
			isa = XCConfigurationList;
			buildConfigurations = (
				AC6AD7272A7A3A8800C36ECC /* Debug */,
				AC6AD7282A7A3A8800C36ECC /* Release */,
			);
			defaultConfigurationIsVisible = 0;
			defaultConfigurationName = Release;
		};
		AC6AD7292A7A3A8800C36ECC /* Build configuration list for PBXNativeTarget "NumberSeriesUITests" */ = {
			isa = XCConfigurationList;
			buildConfigurations = (
				AC6AD72A2A7A3A8800C36ECC /* Debug */,
				AC6AD72B2A7A3A8800C36ECC /* Release */,
			);
			defaultConfigurationIsVisible = 0;
			defaultConfigurationName = Release;
		};
/* End XCConfigurationList section */
	};
	rootObject = AC6AD6F72A7A3A8700C36ECC /* Project object */;
}
